
Microsoft Visual Studio Solution File, Format Version 12.00
# Visual Studio Version 17
VisualStudioVersion = 17.11.35222.181
MinimumVisualStudioVersion = 10.0.40219.1
Project("{FAE04EC0-301F-11D3-BF4B-00C04F79EFBC}") = "DotNetSelenium", "DotNetSelenium\DotNetSelenium.csproj", "{55D49F26-5605-4547-9987-2EB6BCF5E841}"
EndProject
Global
	GlobalSection(SolutionConfigurationPlatforms) = preSolution
		Debug|Any CPU = Debug|Any CPU
		Release|Any CPU = Release|Any CPU
	EndGlobalSection
	GlobalSection(ProjectConfigurationPlatforms) = postSolution
		{55D49F26-5605-4547-9987-2EB6BCF5E841}.Debug|Any CPU.ActiveCfg = Debug|Any CPU
		{55D49F26-5605-4547-9987-2EB6BCF5E841}.Debug|Any CPU.Build.0 = Debug|Any CPU
		{55D49F26-5605-4547-9987-2EB6BCF5E841}.Release|Any CPU.ActiveCfg = Release|Any CPU
		{55D49F26-5605-4547-9987-2EB6BCF5E841}.Release|Any CPU.Build.0 = Release|Any CPU
	EndGlobalSection
	GlobalSection(SolutionProperties) = preSolution
		HideSolutionNode = FALSE
	EndGlobalSection
	GlobalSection(ExtensibilityGlobals) = postSolution
		SolutionGuid = {4C3B51D7-BDB5-440A-86B9-47A3815BDFA9}
	EndGlobalSection
EndGlobal
